
Microsoft Visual Studio Solution File, Format Version 12.00
# Visual Studio Version 17
VisualStudioVersion = 17.6.33723.286
MinimumVisualStudioVersion = 10.0.40219.1
Project("{00D1A9C2-B5F0-4AF3-8072-F6C62B433612}") = "DEMO", "DEMO.sqlproj", "{1E4DC57B-E0DF-4E8F-A249-816E5EA9626C}"
EndProject
Global
	GlobalSection(SolutionConfigurationPlatforms) = preSolution
		Debug|Any CPU = Debug|Any CPU
		Release|Any CPU = Release|Any CPU
	EndGlobalSection
	GlobalSection(ProjectConfigurationPlatforms) = postSolution
		{1E4DC57B-E0DF-4E8F-A249-816E5EA9626C}.Debug|Any CPU.ActiveCfg = Debug|Any CPU
		{1E4DC57B-E0DF-4E8F-A249-816E5EA9626C}.Debug|Any CPU.Build.0 = Debug|Any CPU
		{1E4DC57B-E0DF-4E8F-A249-816E5EA9626C}.Debug|Any CPU.Deploy.0 = Debug|Any CPU
		{1E4DC57B-E0DF-4E8F-A249-816E5EA9626C}.Release|Any CPU.ActiveCfg = Release|Any CPU
		{1E4DC57B-E0DF-4E8F-A249-816E5EA9626C}.Release|Any CPU.Build.0 = Release|Any CPU
		{1E4DC57B-E0DF-4E8F-A249-816E5EA9626C}.Release|Any CPU.Deploy.0 = Release|Any CPU
	EndGlobalSection
	GlobalSection(SolutionProperties) = preSolution
		HideSolutionNode = FALSE
	EndGlobalSection
	GlobalSection(ExtensibilityGlobals) = postSolution
		SolutionGuid = {2112FE0F-5203-456E-9B95-08E3BF897049}
	EndGlobalSection
EndGlobal
